// !$*UTF8*$!
{
	archiveVersion = 1;
	classes = {
	};
	objectVersion = 46;
	objects = {

/* Begin PBXBuildFile section */
		98F2F9AE16FBF69800F7B872 /* UIKit.framework in Frameworks */ = {isa = PBXBuildFile; fileRef = 98F2F9AD16FBF69800F7B872 /* UIKit.framework */; };
		98F2F9B016FBF69800F7B872 /* Foundation.framework in Frameworks */ = {isa = PBXBuildFile; fileRef = 98F2F9AF16FBF69800F7B872 /* Foundation.framework */; };
		98F2F9B216FBF69800F7B872 /* CoreGraphics.framework in Frameworks */ = {isa = PBXBuildFile; fileRef = 98F2F9B116FBF69800F7B872 /* CoreGraphics.framework */; };
		98F2F9B816FBF69800F7B872 /* InfoPlist.strings in Resources */ = {isa = PBXBuildFile; fileRef = 98F2F9B616FBF69800F7B872 /* InfoPlist.strings */; };
		98F2F9BA16FBF69800F7B872 /* main.m in Sources */ = {isa = PBXBuildFile; fileRef = 98F2F9B916FBF69800F7B872 /* main.m */; };
		98F2F9BE16FBF69800F7B872 /* AppDelegate.m in Sources */ = {isa = PBXBuildFile; fileRef = 98F2F9BD16FBF69800F7B872 /* AppDelegate.m */; };
		98F2F9C016FBF69800F7B872 /* Default.png in Resources */ = {isa = PBXBuildFile; fileRef = 98F2F9BF16FBF69800F7B872 /* Default.png */; };
		98F2F9C216FBF69800F7B872 /* Default@2x.png in Resources */ = {isa = PBXBuildFile; fileRef = 98F2F9C116FBF69800F7B872 /* Default@2x.png */; };
		98F2F9C416FBF69800F7B872 /* Default-568h@2x.png in Resources */ = {isa = PBXBuildFile; fileRef = 98F2F9C316FBF69800F7B872 /* Default-568h@2x.png */; };
		98F2F9C716FBF69800F7B872 /* ViewController.m in Sources */ = {isa = PBXBuildFile; fileRef = 98F2F9C616FBF69800F7B872 /* ViewController.m */; };
		98F2F9CA16FBF69800F7B872 /* ViewController.xib in Resources */ = {isa = PBXBuildFile; fileRef = 98F2F9C816FBF69800F7B872 /* ViewController.xib */; };
		98F2F9EF16FBF6CC00F7B872 /* DYTextImageView.m in Sources */ = {isa = PBXBuildFile; fileRef = 98F2F9EC16FBF6CC00F7B872 /* DYTextImageView.m */; };
		98F2F9F316FBFC3100F7B872 /* DYinternalImageView.m in Sources */ = {isa = PBXBuildFile; fileRef = 98F2F9F216FBFC3100F7B872 /* DYinternalImageView.m */; settings = {COMPILER_FLAGS = "-fno-objc-arc"; }; };
		98FDACCC16FD6D390094850E /* DYLabel.m in Sources */ = {isa = PBXBuildFile; fileRef = 98FDACCB16FD6D390094850E /* DYLabel.m */; };
		98FDACCE16FD700A0094850E /* CoreText.framework in Frameworks */ = {isa = PBXBuildFile; fileRef = 98FDACCD16FD70090094850E /* CoreText.framework */; };
		98FDACEF16FDE8590094850E /* UILabel+fix.m in Sources */ = {isa = PBXBuildFile; fileRef = 98FDACEE16FDE8590094850E /* UILabel+fix.m */; };
/* End PBXBuildFile section */

/* Begin PBXFileReference section */
		98F2F9AA16FBF69800F7B872 /* DYTextImageView.app */ = {isa = PBXFileReference; explicitFileType = wrapper.application; includeInIndex = 0; path = DYTextImageView.app; sourceTree = BUILT_PRODUCTS_DIR; };
		98F2F9AD16FBF69800F7B872 /* UIKit.framework */ = {isa = PBXFileReference; lastKnownFileType = wrapper.framework; name = UIKit.framework; path = System/Library/Frameworks/UIKit.framework; sourceTree = SDKROOT; };
		98F2F9AF16FBF69800F7B872 /* Foundation.framework */ = {isa = PBXFileReference; lastKnownFileType = wrapper.framework; name = Foundation.framework; path = System/Library/Frameworks/Foundation.framework; sourceTree = SDKROOT; };
		98F2F9B116FBF69800F7B872 /* CoreGraphics.framework */ = {isa = PBXFileReference; lastKnownFileType = wrapper.framework; name = CoreGraphics.framework; path = System/Library/Frameworks/CoreGraphics.framework; sourceTree = SDKROOT; };
		98F2F9B516FBF69800F7B872 /* DYTextImageView-Info.plist */ = {isa = PBXFileReference; lastKnownFileType = text.plist.xml; path = "DYTextImageView-Info.plist"; sourceTree = "<group>"; };
		98F2F9B716FBF69800F7B872 /* en */ = {isa = PBXFileReference; lastKnownFileType = text.plist.strings; name = en; path = en.lproj/InfoPlist.strings; sourceTree = "<group>"; };
		98F2F9B916FBF69800F7B872 /* main.m */ = {isa = PBXFileReference; lastKnownFileType = sourcecode.c.objc; path = main.m; sourceTree = "<group>"; };
		98F2F9BB16FBF69800F7B872 /* DYTextImageView-Prefix.pch */ = {isa = PBXFileReference; lastKnownFileType = sourcecode.c.h; path = "DYTextImageView-Prefix.pch"; sourceTree = "<group>"; };
		98F2F9BC16FBF69800F7B872 /* AppDelegate.h */ = {isa = PBXFileReference; lastKnownFileType = sourcecode.c.h; path = AppDelegate.h; sourceTree = "<group>"; };
		98F2F9BD16FBF69800F7B872 /* AppDelegate.m */ = {isa = PBXFileReference; lastKnownFileType = sourcecode.c.objc; path = AppDelegate.m; sourceTree = "<group>"; };
		98F2F9BF16FBF69800F7B872 /* Default.png */ = {isa = PBXFileReference; lastKnownFileType = image.png; path = Default.png; sourceTree = "<group>"; };
		98F2F9C116FBF69800F7B872 /* Default@2x.png */ = {isa = PBXFileReference; lastKnownFileType = image.png; path = "Default@2x.png"; sourceTree = "<group>"; };
		98F2F9C316FBF69800F7B872 /* Default-568h@2x.png */ = {isa = PBXFileReference; lastKnownFileType = image.png; path = "Default-568h@2x.png"; sourceTree = "<group>"; };
		98F2F9C516FBF69800F7B872 /* ViewController.h */ = {isa = PBXFileReference; lastKnownFileType = sourcecode.c.h; path = ViewController.h; sourceTree = "<group>"; };
		98F2F9C616FBF69800F7B872 /* ViewController.m */ = {isa = PBXFileReference; lastKnownFileType = sourcecode.c.objc; path = ViewController.m; sourceTree = "<group>"; };
		98F2F9C916FBF69800F7B872 /* en */ = {isa = PBXFileReference; lastKnownFileType = file.xib; name = en; path = en.lproj/ViewController.xib; sourceTree = "<group>"; };
		98F2F9EB16FBF6CC00F7B872 /* DYTextImageView.h */ = {isa = PBXFileReference; fileEncoding = 4; lastKnownFileType = sourcecode.c.h; path = DYTextImageView.h; sourceTree = "<group>"; };
		98F2F9EC16FBF6CC00F7B872 /* DYTextImageView.m */ = {isa = PBXFileReference; fileEncoding = 4; lastKnownFileType = sourcecode.c.objc; path = DYTextImageView.m; sourceTree = "<group>"; };
		98F2F9F116FBFC3100F7B872 /* DYinternalImageView.h */ = {isa = PBXFileReference; fileEncoding = 4; lastKnownFileType = sourcecode.c.h; path = DYinternalImageView.h; sourceTree = "<group>"; };
		98F2F9F216FBFC3100F7B872 /* DYinternalImageView.m */ = {isa = PBXFileReference; fileEncoding = 4; lastKnownFileType = sourcecode.c.objc; path = DYinternalImageView.m; sourceTree = "<group>"; };
		98FDACCA16FD6D390094850E /* DYLabel.h */ = {isa = PBXFileReference; fileEncoding = 4; lastKnownFileType = sourcecode.c.h; path = DYLabel.h; sourceTree = "<group>"; };
		98FDACCB16FD6D390094850E /* DYLabel.m */ = {isa = PBXFileReference; fileEncoding = 4; lastKnownFileType = sourcecode.c.objc; path = DYLabel.m; sourceTree = "<group>"; };
		98FDACCD16FD70090094850E /* CoreText.framework */ = {isa = PBXFileReference; lastKnownFileType = wrapper.framework; name = CoreText.framework; path = System/Library/Frameworks/CoreText.framework; sourceTree = SDKROOT; };
		98FDACED16FDE8590094850E /* UILabel+fix.h */ = {isa = PBXFileReference; fileEncoding = 4; lastKnownFileType = sourcecode.c.h; path = "UILabel+fix.h"; sourceTree = "<group>"; };
		98FDACEE16FDE8590094850E /* UILabel+fix.m */ = {isa = PBXFileReference; fileEncoding = 4; lastKnownFileType = sourcecode.c.objc; path = "UILabel+fix.m"; sourceTree = "<group>"; };
/* End PBXFileReference section */

/* Begin PBXFrameworksBuildPhase section */
		98F2F9A716FBF69800F7B872 /* Frameworks */ = {
			isa = PBXFrameworksBuildPhase;
			buildActionMask = 2147483647;
			files = (
				98FDACCE16FD700A0094850E /* CoreText.framework in Frameworks */,
				98F2F9AE16FBF69800F7B872 /* UIKit.framework in Frameworks */,
				98F2F9B016FBF69800F7B872 /* Foundation.framework in Frameworks */,
				98F2F9B216FBF69800F7B872 /* CoreGraphics.framework in Frameworks */,
			);
			runOnlyForDeploymentPostprocessing = 0;
		};
/* End PBXFrameworksBuildPhase section */

/* Begin PBXGroup section */
		98F2F9A116FBF69800F7B872 = {
			isa = PBXGroup;
			children = (
				98F2F9B316FBF69800F7B872 /* DYTextImageView */,
				98F2F9AC16FBF69800F7B872 /* Frameworks */,
				98F2F9AB16FBF69800F7B872 /* Products */,
			);
			sourceTree = "<group>";
		};
		98F2F9AB16FBF69800F7B872 /* Products */ = {
			isa = PBXGroup;
			children = (
				98F2F9AA16FBF69800F7B872 /* DYTextImageView.app */,
			);
			name = Products;
			sourceTree = "<group>";
		};
		98F2F9AC16FBF69800F7B872 /* Frameworks */ = {
			isa = PBXGroup;
			children = (
				98FDACCD16FD70090094850E /* CoreText.framework */,
				98F2F9AD16FBF69800F7B872 /* UIKit.framework */,
				98F2F9AF16FBF69800F7B872 /* Foundation.framework */,
				98F2F9B116FBF69800F7B872 /* CoreGraphics.framework */,
			);
			name = Frameworks;
			sourceTree = "<group>";
		};
		98F2F9B316FBF69800F7B872 /* DYTextImageView */ = {
			isa = PBXGroup;
			children = (
				98F2F9E816FBF6B100F7B872 /* New Group */,
				98F2F9BD16FBF69800F7B872 /* AppDelegate.m */,
				98F2F9BC16FBF69800F7B872 /* AppDelegate.h */,
				98F2F9C516FBF69800F7B872 /* ViewController.h */,
				98F2F9C616FBF69800F7B872 /* ViewController.m */,
				98F2F9C816FBF69800F7B872 /* ViewController.xib */,
				98F2F9B416FBF69800F7B872 /* Supporting Files */,
			);
			path = DYTextImageView;
			sourceTree = "<group>";
		};
		98F2F9B416FBF69800F7B872 /* Supporting Files */ = {
			isa = PBXGroup;
			children = (
				98F2F9B516FBF69800F7B872 /* DYTextImageView-Info.plist */,
				98F2F9B616FBF69800F7B872 /* InfoPlist.strings */,
				98F2F9B916FBF69800F7B872 /* main.m */,
				98F2F9BB16FBF69800F7B872 /* DYTextImageView-Prefix.pch */,
				98F2F9BF16FBF69800F7B872 /* Default.png */,
				98F2F9C116FBF69800F7B872 /* Default@2x.png */,
				98F2F9C316FBF69800F7B872 /* Default-568h@2x.png */,
			);
			name = "Supporting Files";
			sourceTree = "<group>";
		};
		98F2F9E816FBF6B100F7B872 /* New Group */ = {
			isa = PBXGroup;
			children = (
				98F2F9F116FBFC3100F7B872 /* DYinternalImageView.h */,
				98F2F9F216FBFC3100F7B872 /* DYinternalImageView.m */,
				98FDACCA16FD6D390094850E /* DYLabel.h */,
				98FDACCB16FD6D390094850E /* DYLabel.m */,
				98F2F9EB16FBF6CC00F7B872 /* DYTextImageView.h */,
				98F2F9EC16FBF6CC00F7B872 /* DYTextImageView.m */,
				98FDACED16FDE8590094850E /* UILabel+fix.h */,
				98FDACEE16FDE8590094850E /* UILabel+fix.m */,
			);
			name = "New Group";
			sourceTree = "<group>";
		};
/* End PBXGroup section */

/* Begin PBXNativeTarget section */
		98F2F9A916FBF69800F7B872 /* DYTextImageView */ = {
			isa = PBXNativeTarget;
			buildConfigurationList = 98F2F9E216FBF69900F7B872 /* Build configuration list for PBXNativeTarget "DYTextImageView" */;
			buildPhases = (
				98F2F9A616FBF69800F7B872 /* Sources */,
				98F2F9A716FBF69800F7B872 /* Frameworks */,
				98F2F9A816FBF69800F7B872 /* Resources */,
			);
			buildRules = (
			);
			dependencies = (
			);
			name = DYTextImageView;
			productName = DYTextImageView;
			productReference = 98F2F9AA16FBF69800F7B872 /* DYTextImageView.app */;
			productType = "com.apple.product-type.application";
		};
/* End PBXNativeTarget section */

/* Begin PBXProject section */
		98F2F9A216FBF69800F7B872 /* Project object */ = {
			isa = PBXProject;
			attributes = {
				LastUpgradeCheck = 0460;
				ORGANIZATIONNAME = Dskyu;
			};
			buildConfigurationList = 98F2F9A516FBF69800F7B872 /* Build configuration list for PBXProject "DYTextImageView" */;
			compatibilityVersion = "Xcode 3.2";
			developmentRegion = English;
			hasScannedForEncodings = 0;
			knownRegions = (
				en,
			);
			mainGroup = 98F2F9A116FBF69800F7B872;
			productRefGroup = 98F2F9AB16FBF69800F7B872 /* Products */;
			projectDirPath = "";
			projectRoot = "";
			targets = (
				98F2F9A916FBF69800F7B872 /* DYTextImageView */,
			);
		};
/* End PBXProject section */

/* Begin PBXResourcesBuildPhase section */
		98F2F9A816FBF69800F7B872 /* Resources */ = {
			isa = PBXResourcesBuildPhase;
			buildActionMask = 2147483647;
			files = (
				98F2F9B816FBF69800F7B872 /* InfoPlist.strings in Resources */,
				98F2F9C016FBF69800F7B872 /* Default.png in Resources */,
				98F2F9C216FBF69800F7B872 /* Default@2x.png in Resources */,
				98F2F9C416FBF69800F7B872 /* Default-568h@2x.png in Resources */,
				98F2F9CA16FBF69800F7B872 /* ViewController.xib in Resources */,
			);
			runOnlyForDeploymentPostprocessing = 0;
		};
/* End PBXResourcesBuildPhase section */

/* Begin PBXSourcesBuildPhase section */
		98F2F9A616FBF69800F7B872 /* Sources */ = {
			isa = PBXSourcesBuildPhase;
			buildActionMask = 2147483647;
			files = (
				98F2F9BA16FBF69800F7B872 /* main.m in Sources */,
				98F2F9BE16FBF69800F7B872 /* AppDelegate.m in Sources */,
				98F2F9C716FBF69800F7B872 /* ViewController.m in Sources */,
				98F2F9EF16FBF6CC00F7B872 /* DYTextImageView.m in Sources */,
				98F2F9F316FBFC3100F7B872 /* DYinternalImageView.m in Sources */,
				98FDACCC16FD6D390094850E /* DYLabel.m in Sources */,
				98FDACEF16FDE8590094850E /* UILabel+fix.m in Sources */,
			);
			runOnlyForDeploymentPostprocessing = 0;
		};
/* End PBXSourcesBuildPhase section */

/* Begin PBXVariantGroup section */
		98F2F9B616FBF69800F7B872 /* InfoPlist.strings */ = {
			isa = PBXVariantGroup;
			children = (
				98F2F9B716FBF69800F7B872 /* en */,
			);
			name = InfoPlist.strings;
			sourceTree = "<group>";
		};
		98F2F9C816FBF69800F7B872 /* ViewController.xib */ = {
			isa = PBXVariantGroup;
			children = (
				98F2F9C916FBF69800F7B872 /* en */,
			);
			name = ViewController.xib;
			sourceTree = "<group>";
		};
/* End PBXVariantGroup section */

/* Begin XCBuildConfiguration section */
		98F2F9E016FBF69900F7B872 /* Debug */ = {
			isa = XCBuildConfiguration;
			buildSettings = {
				ALWAYS_SEARCH_USER_PATHS = NO;
				CLANG_CXX_LANGUAGE_STANDARD = "gnu++0x";
				CLANG_CXX_LIBRARY = "libc++";
				CLANG_ENABLE_OBJC_ARC = YES;
				CLANG_WARN_CONSTANT_CONVERSION = YES;
				CLANG_WARN_EMPTY_BODY = YES;
				CLANG_WARN_ENUM_CONVERSION = YES;
				CLANG_WARN_INT_CONVERSION = YES;
				CLANG_WARN__DUPLICATE_METHOD_MATCH = YES;
				"CODE_SIGN_IDENTITY[sdk=iphoneos*]" = "iPhone Developer";
				COPY_PHASE_STRIP = NO;
				GCC_C_LANGUAGE_STANDARD = gnu99;
				GCC_DYNAMIC_NO_PIC = NO;
				GCC_OPTIMIZATION_LEVEL = 0;
				GCC_PREPROCESSOR_DEFINITIONS = (
					"DEBUG=1",
					"$(inherited)",
				);
				GCC_SYMBOLS_PRIVATE_EXTERN = NO;
				GCC_WARN_ABOUT_RETURN_TYPE = YES;
				GCC_WARN_UNINITIALIZED_AUTOS = YES;
				GCC_WARN_UNUSED_VARIABLE = YES;
				IPHONEOS_DEPLOYMENT_TARGET = 6.1;
				ONLY_ACTIVE_ARCH = YES;
				SDKROOT = iphoneos;
			};
			name = Debug;
		};
		98F2F9E116FBF69900F7B872 /* Release */ = {
			isa = XCBuildConfiguration;
			buildSettings = {
				ALWAYS_SEARCH_USER_PATHS = NO;
				CLANG_CXX_LANGUAGE_STANDARD = "gnu++0x";
				CLANG_CXX_LIBRARY = "libc++";
				CLANG_ENABLE_OBJC_ARC = YES;
				CLANG_WARN_CONSTANT_CONVERSION = YES;
				CLANG_WARN_EMPTY_BODY = YES;
				CLANG_WARN_ENUM_CONVERSION = YES;
				CLANG_WARN_INT_CONVERSION = YES;
				CLANG_WARN__DUPLICATE_METHOD_MATCH = YES;
				"CODE_SIGN_IDENTITY[sdk=iphoneos*]" = "iPhone Developer";
				COPY_PHASE_STRIP = YES;
				GCC_C_LANGUAGE_STANDARD = gnu99;
				GCC_WARN_ABOUT_RETURN_TYPE = YES;
				GCC_WARN_UNINITIALIZED_AUTOS = YES;
				GCC_WARN_UNUSED_VARIABLE = YES;
				IPHONEOS_DEPLOYMENT_TARGET = 6.1;
				OTHER_CFLAGS = "-DNS_BLOCK_ASSERTIONS=1";
				SDKROOT = iphoneos;
				VALIDATE_PRODUCT = YES;
			};
			name = Release;
		};
		98F2F9E316FBF69900F7B872 /* Debug */ = {
			isa = XCBuildConfiguration;
			buildSettings = {
				GCC_PRECOMPILE_PREFIX_HEADER = YES;
				GCC_PREFIX_HEADER = "DYTextImageView/DYTextImageView-Prefix.pch";
				INFOPLIST_FILE = "DYTextImageView/DYTextImageView-Info.plist";
				IPHONEOS_DEPLOYMENT_TARGET = 5.0;
				PRODUCT_NAME = "$(TARGET_NAME)";
				WRAPPER_EXTENSION = app;
			};
			name = Debug;
		};
		98F2F9E416FBF69900F7B872 /* Release */ = {
			isa = XCBuildConfiguration;
			buildSettings = {
				GCC_PRECOMPILE_PREFIX_HEADER = YES;
				GCC_PREFIX_HEADER = "DYTextImageView/DYTextImageView-Prefix.pch";
				INFOPLIST_FILE = "DYTextImageView/DYTextImageView-Info.plist";
				IPHONEOS_DEPLOYMENT_TARGET = 5.0;
				PRODUCT_NAME = "$(TARGET_NAME)";
				WRAPPER_EXTENSION = app;
			};
			name = Release;
		};
/* End XCBuildConfiguration section */

/* Begin XCConfigurationList section */
		98F2F9A516FBF69800F7B872 /* Build configuration list for PBXProject "DYTextImageView" */ = {
			isa = XCConfigurationList;
			buildConfigurations = (
				98F2F9E016FBF69900F7B872 /* Debug */,
				98F2F9E116FBF69900F7B872 /* Release */,
			);
			defaultConfigurationIsVisible = 0;
			defaultConfigurationName = Release;
		};
		98F2F9E216FBF69900F7B872 /* Build configuration list for PBXNativeTarget "DYTextImageView" */ = {
			isa = XCConfigurationList;
			buildConfigurations = (
				98F2F9E316FBF69900F7B872 /* Debug */,
				98F2F9E416FBF69900F7B872 /* Release */,
			);
			defaultConfigurationIsVisible = 0;
			defaultConfigurationName = Release;
		};
/* End XCConfigurationList section */
	};
	rootObject = 98F2F9A216FBF69800F7B872 /* Project object */;
}
